
Microsoft Visual Studio Solution File, Format Version 12.00
# Visual Studio Version 17
VisualStudioVersion = 17.14.36203.30
MinimumVisualStudioVersion = 10.0.40219.1
Project("{FAE04EC0-301F-11D3-BF4B-00C04F79EFBC}") = "ToDo.Frontend", "ToDo.Frontend\ToDo.Frontend.csproj", "{B68097CA-E039-4383-8DF0-65FF2237173F}"
EndProject
Project("{FAE04EC0-301F-11D3-BF4B-00C04F79EFBC}") = "ToDo.Shared", "..\ToDo.Shared\ToDo.Shared\ToDo.Shared.csproj", "{9DFDF12A-B67D-96D9-D4A7-31BF400AF114}"
EndProject
Global
	GlobalSection(SolutionConfigurationPlatforms) = preSolution
		Debug|Any CPU = Debug|Any CPU
		Release|Any CPU = Release|Any CPU
	EndGlobalSection
	GlobalSection(ProjectConfigurationPlatforms) = postSolution
		{B68097CA-E039-4383-8DF0-65FF2237173F}.Debug|Any CPU.ActiveCfg = Debug|Any CPU
		{B68097CA-E039-4383-8DF0-65FF2237173F}.Debug|Any CPU.Build.0 = Debug|Any CPU
		{B68097CA-E039-4383-8DF0-65FF2237173F}.Release|Any CPU.ActiveCfg = Release|Any CPU
		{B68097CA-E039-4383-8DF0-65FF2237173F}.Release|Any CPU.Build.0 = Release|Any CPU
		{9DFDF12A-B67D-96D9-D4A7-31BF400AF114}.Debug|Any CPU.ActiveCfg = Debug|Any CPU
		{9DFDF12A-B67D-96D9-D4A7-31BF400AF114}.Debug|Any CPU.Build.0 = Debug|Any CPU
		{9DFDF12A-B67D-96D9-D4A7-31BF400AF114}.Release|Any CPU.ActiveCfg = Release|Any CPU
		{9DFDF12A-B67D-96D9-D4A7-31BF400AF114}.Release|Any CPU.Build.0 = Release|Any CPU
	EndGlobalSection
	GlobalSection(SolutionProperties) = preSolution
		HideSolutionNode = FALSE
	EndGlobalSection
	GlobalSection(ExtensibilityGlobals) = postSolution
		SolutionGuid = {1C2E0549-F0FA-45AA-9A87-9C8C908D3E0B}
	EndGlobalSection
EndGlobal
